
Microsoft Visual Studio Solution File, Format Version 12.00
# Visual Studio Version 17
VisualStudioVersion = 17.3.32929.385
MinimumVisualStudioVersion = 10.0.40219.1
Project("{FAE04EC0-301F-11D3-BF4B-00C04F79EFBC}") = "GameEngine", "GameEngine\GameEngine.csproj", "{50075859-7F35-4132-B7E5-9839C1A12499}"
EndProject
Global
	GlobalSection(SolutionConfigurationPlatforms) = preSolution
		Debug|Any CPU = Debug|Any CPU
		Release|Any CPU = Release|Any CPU
	EndGlobalSection
	GlobalSection(ProjectConfigurationPlatforms) = postSolution
		{50075859-7F35-4132-B7E5-9839C1A12499}.Debug|Any CPU.ActiveCfg = Debug|Any CPU
		{50075859-7F35-4132-B7E5-9839C1A12499}.Debug|Any CPU.Build.0 = Debug|Any CPU
		{50075859-7F35-4132-B7E5-9839C1A12499}.Release|Any CPU.ActiveCfg = Release|Any CPU
		{50075859-7F35-4132-B7E5-9839C1A12499}.Release|Any CPU.Build.0 = Release|Any CPU
	EndGlobalSection
	GlobalSection(SolutionProperties) = preSolution
		HideSolutionNode = FALSE
	EndGlobalSection
	GlobalSection(ExtensibilityGlobals) = postSolution
		SolutionGuid = {0B496C8A-4BDD-4C78-B50F-7B5CCFEB4A97}
	EndGlobalSection
EndGlobal
